
Microsoft Visual Studio Solution File, Format Version 12.00
# Visual Studio 11
Project("{FAE04EC0-301F-11D3-BF4B-00C04F79EFBC}") = "TeleportRequest", "TeleportRequest\TeleportRequest.csproj", "{4C7A9E0E-7427-4EA4-9EC7-8C53D48C1385}"
EndProject
Global
	GlobalSection(SolutionConfigurationPlatforms) = preSolution
		Debug|Any CPU = Debug|Any CPU
		Release|Any CPU = Release|Any CPU
	EndGlobalSection
	GlobalSection(ProjectConfigurationPlatforms) = postSolution
		{4C7A9E0E-7427-4EA4-9EC7-8C53D48C1385}.Debug|Any CPU.ActiveCfg = Debug|Any CPU
		{4C7A9E0E-7427-4EA4-9EC7-8C53D48C1385}.Debug|Any CPU.Build.0 = Debug|Any CPU
		{4C7A9E0E-7427-4EA4-9EC7-8C53D48C1385}.Release|Any CPU.ActiveCfg = Release|Any CPU
		{4C7A9E0E-7427-4EA4-9EC7-8C53D48C1385}.Release|Any CPU.Build.0 = Release|Any CPU
	EndGlobalSection
	GlobalSection(SolutionProperties) = preSolution
		HideSolutionNode = FALSE
	EndGlobalSection
EndGlobal
